
Microsoft Visual Studio Solution File, Format Version 12.00
# Visual Studio Version 17
VisualStudioVersion = 17.0.31912.275
MinimumVisualStudioVersion = 10.0.40219.1
Project("{9A19103F-16F7-4668-BE54-9A1E7A4F7556}") = "Tests", "Tests\Tests.csproj", "{A12F1575-A725-46D6-973C-C02B52216F03}"
EndProject
Project("{9A19103F-16F7-4668-BE54-9A1E7A4F7556}") = "MailQueueNet.Service", "MailQueueNet.Service\MailQueueNet.Service.csproj", "{0283E429-85FB-4874-9E32-F16521C091B1}"
EndProject
Project("{9A19103F-16F7-4668-BE54-9A1E7A4F7556}") = "MailQueueNet.Core", "MailQueueNet.Core\MailQueueNet.Core.csproj", "{F2750AB7-3FF9-43EE-BF9C-5559A6BA092C}"
EndProject
Project("{9A19103F-16F7-4668-BE54-9A1E7A4F7556}") = "MailQueueNet.Common", "MailQueueNet.Common\MailQueueNet.Common.csproj", "{F2750AB7-3FF9-43EE-BF9C-4443A6BA092C}"
EndProject
Global
	GlobalSection(SolutionConfigurationPlatforms) = preSolution
		Debug|Any CPU = Debug|Any CPU
		Debug|Mixed Platforms = Debug|Mixed Platforms
		Debug|Win32 = Debug|Win32
		Debug|x86 = Debug|x86
		Release|Any CPU = Release|Any CPU
		Release|Mixed Platforms = Release|Mixed Platforms
		Release|Win32 = Release|Win32
		Release|x86 = Release|x86
	EndGlobalSection
	GlobalSection(ProjectConfigurationPlatforms) = postSolution
		{A12F1575-A725-46D6-973C-C02B52216F03}.Debug|Any CPU.ActiveCfg = Debug|Any CPU
		{A12F1575-A725-46D6-973C-C02B52216F03}.Debug|Any CPU.Build.0 = Debug|Any CPU
		{A12F1575-A725-46D6-973C-C02B52216F03}.Debug|Mixed Platforms.ActiveCfg = Debug|Any CPU
		{A12F1575-A725-46D6-973C-C02B52216F03}.Debug|Mixed Platforms.Build.0 = Debug|Any CPU
		{A12F1575-A725-46D6-973C-C02B52216F03}.Debug|Win32.ActiveCfg = Debug|x86
		{A12F1575-A725-46D6-973C-C02B52216F03}.Debug|Win32.Build.0 = Debug|x86
		{A12F1575-A725-46D6-973C-C02B52216F03}.Debug|x86.ActiveCfg = Debug|x86
		{A12F1575-A725-46D6-973C-C02B52216F03}.Debug|x86.Build.0 = Debug|x86
		{A12F1575-A725-46D6-973C-C02B52216F03}.Release|Any CPU.ActiveCfg = Release|Any CPU
		{A12F1575-A725-46D6-973C-C02B52216F03}.Release|Any CPU.Build.0 = Release|Any CPU
		{A12F1575-A725-46D6-973C-C02B52216F03}.Release|Mixed Platforms.ActiveCfg = Release|Any CPU
		{A12F1575-A725-46D6-973C-C02B52216F03}.Release|Mixed Platforms.Build.0 = Release|Any CPU
		{A12F1575-A725-46D6-973C-C02B52216F03}.Release|Win32.ActiveCfg = Release|Any CPU
		{A12F1575-A725-46D6-973C-C02B52216F03}.Release|Win32.Build.0 = Release|Any CPU
		{A12F1575-A725-46D6-973C-C02B52216F03}.Release|x86.ActiveCfg = Release|Any CPU
		{A12F1575-A725-46D6-973C-C02B52216F03}.Release|x86.Build.0 = Release|Any CPU
		{0283E429-85FB-4874-9E32-F16521C091B1}.Debug|Any CPU.ActiveCfg = Debug|Any CPU
		{0283E429-85FB-4874-9E32-F16521C091B1}.Debug|Any CPU.Build.0 = Debug|Any CPU
		{0283E429-85FB-4874-9E32-F16521C091B1}.Debug|Mixed Platforms.ActiveCfg = Debug|Any CPU
		{0283E429-85FB-4874-9E32-F16521C091B1}.Debug|Mixed Platforms.Build.0 = Debug|Any CPU
		{0283E429-85FB-4874-9E32-F16521C091B1}.Debug|Win32.ActiveCfg = Debug|x86
		{0283E429-85FB-4874-9E32-F16521C091B1}.Debug|Win32.Build.0 = Debug|x86
		{0283E429-85FB-4874-9E32-F16521C091B1}.Debug|x86.ActiveCfg = Debug|x86
		{0283E429-85FB-4874-9E32-F16521C091B1}.Debug|x86.Build.0 = Debug|x86
		{0283E429-85FB-4874-9E32-F16521C091B1}.Release|Any CPU.ActiveCfg = Release|Any CPU
		{0283E429-85FB-4874-9E32-F16521C091B1}.Release|Any CPU.Build.0 = Release|Any CPU
		{0283E429-85FB-4874-9E32-F16521C091B1}.Release|Mixed Platforms.ActiveCfg = Release|Any CPU
		{0283E429-85FB-4874-9E32-F16521C091B1}.Release|Mixed Platforms.Build.0 = Release|Any CPU
		{0283E429-85FB-4874-9E32-F16521C091B1}.Release|Win32.ActiveCfg = Release|Any CPU
		{0283E429-85FB-4874-9E32-F16521C091B1}.Release|Win32.Build.0 = Release|Any CPU
		{0283E429-85FB-4874-9E32-F16521C091B1}.Release|x86.ActiveCfg = Release|Any CPU
		{0283E429-85FB-4874-9E32-F16521C091B1}.Release|x86.Build.0 = Release|Any CPU
		{F2750AB7-3FF9-43EE-BF9C-5559A6BA092C}.Debug|Any CPU.ActiveCfg = Debug|Any CPU
		{F2750AB7-3FF9-43EE-BF9C-5559A6BA092C}.Debug|Any CPU.Build.0 = Debug|Any CPU
		{F2750AB7-3FF9-43EE-BF9C-5559A6BA092C}.Debug|Mixed Platforms.ActiveCfg = Debug|Any CPU
		{F2750AB7-3FF9-43EE-BF9C-5559A6BA092C}.Debug|Mixed Platforms.Build.0 = Debug|Any CPU
		{F2750AB7-3FF9-43EE-BF9C-5559A6BA092C}.Debug|Win32.ActiveCfg = Debug|x86
		{F2750AB7-3FF9-43EE-BF9C-5559A6BA092C}.Debug|Win32.Build.0 = Debug|x86
		{F2750AB7-3FF9-43EE-BF9C-5559A6BA092C}.Debug|x86.ActiveCfg = Debug|x86
		{F2750AB7-3FF9-43EE-BF9C-5559A6BA092C}.Debug|x86.Build.0 = Debug|x86
		{F2750AB7-3FF9-43EE-BF9C-5559A6BA092C}.Release|Any CPU.ActiveCfg = Release|Any CPU
		{F2750AB7-3FF9-43EE-BF9C-5559A6BA092C}.Release|Any CPU.Build.0 = Release|Any CPU
		{F2750AB7-3FF9-43EE-BF9C-5559A6BA092C}.Release|Mixed Platforms.ActiveCfg = Release|Any CPU
		{F2750AB7-3FF9-43EE-BF9C-5559A6BA092C}.Release|Mixed Platforms.Build.0 = Release|Any CPU
		{F2750AB7-3FF9-43EE-BF9C-5559A6BA092C}.Release|Win32.ActiveCfg = Release|Any CPU
		{F2750AB7-3FF9-43EE-BF9C-5559A6BA092C}.Release|Win32.Build.0 = Release|Any CPU
		{F2750AB7-3FF9-43EE-BF9C-5559A6BA092C}.Release|x86.ActiveCfg = Release|Any CPU
		{F2750AB7-3FF9-43EE-BF9C-5559A6BA092C}.Release|x86.Build.0 = Release|Any CPU
		{F2750AB7-3FF9-43EE-BF9C-4443A6BA092C}.Debug|Any CPU.ActiveCfg = Debug|Any CPU
		{F2750AB7-3FF9-43EE-BF9C-4443A6BA092C}.Debug|Any CPU.Build.0 = Debug|Any CPU
		{F2750AB7-3FF9-43EE-BF9C-4443A6BA092C}.Debug|Mixed Platforms.ActiveCfg = Debug|Any CPU
		{F2750AB7-3FF9-43EE-BF9C-4443A6BA092C}.Debug|Mixed Platforms.Build.0 = Debug|Any CPU
		{F2750AB7-3FF9-43EE-BF9C-4443A6BA092C}.Debug|Win32.ActiveCfg = Debug|Any CPU
		{F2750AB7-3FF9-43EE-BF9C-4443A6BA092C}.Debug|Win32.Build.0 = Debug|Any CPU
		{F2750AB7-3FF9-43EE-BF9C-4443A6BA092C}.Debug|x86.ActiveCfg = Debug|Any CPU
		{F2750AB7-3FF9-43EE-BF9C-4443A6BA092C}.Debug|x86.Build.0 = Debug|Any CPU
		{F2750AB7-3FF9-43EE-BF9C-4443A6BA092C}.Release|Any CPU.ActiveCfg = Release|Any CPU
		{F2750AB7-3FF9-43EE-BF9C-4443A6BA092C}.Release|Any CPU.Build.0 = Release|Any CPU
		{F2750AB7-3FF9-43EE-BF9C-4443A6BA092C}.Release|Mixed Platforms.ActiveCfg = Release|Any CPU
		{F2750AB7-3FF9-43EE-BF9C-4443A6BA092C}.Release|Mixed Platforms.Build.0 = Release|Any CPU
		{F2750AB7-3FF9-43EE-BF9C-4443A6BA092C}.Release|Win32.ActiveCfg = Release|Any CPU
		{F2750AB7-3FF9-43EE-BF9C-4443A6BA092C}.Release|Win32.Build.0 = Release|Any CPU
		{F2750AB7-3FF9-43EE-BF9C-4443A6BA092C}.Release|x86.ActiveCfg = Release|Any CPU
		{F2750AB7-3FF9-43EE-BF9C-4443A6BA092C}.Release|x86.Build.0 = Release|Any CPU
	EndGlobalSection
	GlobalSection(SolutionProperties) = preSolution
		HideSolutionNode = FALSE
	EndGlobalSection
	GlobalSection(ExtensibilityGlobals) = postSolution
		SolutionGuid = {B9BA249F-A6E9-4AB4-8D67-AF622B09D4E5}
	EndGlobalSection
EndGlobal
